// !$*UTF8*$!
{
	archiveVersion = 1;
	classes = {
	};
	objectVersion = 46;
	objects = {

/* Begin PBXBuildFile section */
		430DB6C11A0EFA46005B38AF /* main.m in Sources */ = {isa = PBXBuildFile; fileRef = 430DB6C01A0EFA46005B38AF /* main.m */; };
		430DB6C91A0EFB9A005B38AF /* YoContext.m in Sources */ = {isa = PBXBuildFile; fileRef = 430DB6C81A0EFB9A005B38AF /* YoContext.m */; };
/* End PBXBuildFile section */

/* Begin PBXCopyFilesBuildPhase section */
		430DB6BB1A0EFA46005B38AF /* CopyFiles */ = {
			isa = PBXCopyFilesBuildPhase;
			buildActionMask = 2147483647;
			dstPath = /usr/share/man/man1/;
			dstSubfolderSpec = 0;
			files = (
			);
			runOnlyForDeploymentPostprocessing = 1;
		};
/* End PBXCopyFilesBuildPhase section */

/* Begin PBXFileReference section */
		430DB6BD1A0EFA46005B38AF /* yocli */ = {isa = PBXFileReference; explicitFileType = "compiled.mach-o.executable"; includeInIndex = 0; path = yocli; sourceTree = BUILT_PRODUCTS_DIR; };
		430DB6C01A0EFA46005B38AF /* main.m */ = {isa = PBXFileReference; lastKnownFileType = sourcecode.c.objc; path = main.m; sourceTree = "<group>"; };
		430DB6C71A0EFB9A005B38AF /* YoContext.h */ = {isa = PBXFileReference; fileEncoding = 4; lastKnownFileType = sourcecode.c.h; path = YoContext.h; sourceTree = "<group>"; };
		430DB6C81A0EFB9A005B38AF /* YoContext.m */ = {isa = PBXFileReference; fileEncoding = 4; lastKnownFileType = sourcecode.c.objc; path = YoContext.m; sourceTree = "<group>"; };
/* End PBXFileReference section */

/* Begin PBXFrameworksBuildPhase section */
		430DB6BA1A0EFA46005B38AF /* Frameworks */ = {
			isa = PBXFrameworksBuildPhase;
			buildActionMask = 2147483647;
			files = (
			);
			runOnlyForDeploymentPostprocessing = 0;
		};
/* End PBXFrameworksBuildPhase section */

/* Begin PBXGroup section */
		430DB6B41A0EFA46005B38AF = {
			isa = PBXGroup;
			children = (
				430DB6BF1A0EFA46005B38AF /* yocli */,
				430DB6BE1A0EFA46005B38AF /* Products */,
			);
			sourceTree = "<group>";
		};
		430DB6BE1A0EFA46005B38AF /* Products */ = {
			isa = PBXGroup;
			children = (
				430DB6BD1A0EFA46005B38AF /* yocli */,
			);
			name = Products;
			sourceTree = "<group>";
		};
		430DB6BF1A0EFA46005B38AF /* yocli */ = {
			isa = PBXGroup;
			children = (
				430DB6C01A0EFA46005B38AF /* main.m */,
				430DB6C71A0EFB9A005B38AF /* YoContext.h */,
				430DB6C81A0EFB9A005B38AF /* YoContext.m */,
			);
			path = yocli;
			sourceTree = "<group>";
		};
/* End PBXGroup section */

/* Begin PBXNativeTarget section */
		430DB6BC1A0EFA46005B38AF /* yocli */ = {
			isa = PBXNativeTarget;
			buildConfigurationList = 430DB6C41A0EFA46005B38AF /* Build configuration list for PBXNativeTarget "yocli" */;
			buildPhases = (
				430DB6B91A0EFA46005B38AF /* Sources */,
				430DB6BA1A0EFA46005B38AF /* Frameworks */,
				430DB6BB1A0EFA46005B38AF /* CopyFiles */,
			);
			buildRules = (
			);
			dependencies = (
			);
			name = yocli;
			productName = yocli;
			productReference = 430DB6BD1A0EFA46005B38AF /* yocli */;
			productType = "com.apple.product-type.tool";
		};
/* End PBXNativeTarget section */

/* Begin PBXProject section */
		430DB6B51A0EFA46005B38AF /* Project object */ = {
			isa = PBXProject;
			attributes = {
				LastUpgradeCheck = 0610;
				ORGANIZATIONNAME = tsu;
				TargetAttributes = {
					430DB6BC1A0EFA46005B38AF = {
						CreatedOnToolsVersion = 6.1;
					};
				};
			};
			buildConfigurationList = 430DB6B81A0EFA46005B38AF /* Build configuration list for PBXProject "yocli" */;
			compatibilityVersion = "Xcode 3.2";
			developmentRegion = English;
			hasScannedForEncodings = 0;
			knownRegions = (
				en,
			);
			mainGroup = 430DB6B41A0EFA46005B38AF;
			productRefGroup = 430DB6BE1A0EFA46005B38AF /* Products */;
			projectDirPath = "";
			projectRoot = "";
			targets = (
				430DB6BC1A0EFA46005B38AF /* yocli */,
			);
		};
/* End PBXProject section */

/* Begin PBXSourcesBuildPhase section */
		430DB6B91A0EFA46005B38AF /* Sources */ = {
			isa = PBXSourcesBuildPhase;
			buildActionMask = 2147483647;
			files = (
				430DB6C11A0EFA46005B38AF /* main.m in Sources */,
				430DB6C91A0EFB9A005B38AF /* YoContext.m in Sources */,
			);
			runOnlyForDeploymentPostprocessing = 0;
		};
/* End PBXSourcesBuildPhase section */

/* Begin XCBuildConfiguration section */
		430DB6C21A0EFA46005B38AF /* Debug */ = {
			isa = XCBuildConfiguration;
			buildSettings = {
				ALWAYS_SEARCH_USER_PATHS = NO;
				CLANG_CXX_LANGUAGE_STANDARD = "gnu++0x";
				CLANG_CXX_LIBRARY = "libc++";
				CLANG_ENABLE_MODULES = YES;
				CLANG_ENABLE_OBJC_ARC = YES;
				CLANG_WARN_BOOL_CONVERSION = YES;
				CLANG_WARN_CONSTANT_CONVERSION = YES;
				CLANG_WARN_DIRECT_OBJC_ISA_USAGE = YES_ERROR;
				CLANG_WARN_EMPTY_BODY = YES;
				CLANG_WARN_ENUM_CONVERSION = YES;
				CLANG_WARN_INT_CONVERSION = YES;
				CLANG_WARN_OBJC_ROOT_CLASS = YES_ERROR;
				CLANG_WARN_UNREACHABLE_CODE = YES;
				CLANG_WARN__DUPLICATE_METHOD_MATCH = YES;
				COPY_PHASE_STRIP = NO;
				ENABLE_STRICT_OBJC_MSGSEND = YES;
				GCC_C_LANGUAGE_STANDARD = gnu99;
				GCC_DYNAMIC_NO_PIC = NO;
				GCC_OPTIMIZATION_LEVEL = 0;
				GCC_PREPROCESSOR_DEFINITIONS = (
					"DEBUG=1",
					"$(inherited)",
				);
				GCC_SYMBOLS_PRIVATE_EXTERN = NO;
				GCC_WARN_64_TO_32_BIT_CONVERSION = YES;
				GCC_WARN_ABOUT_RETURN_TYPE = YES_ERROR;
				GCC_WARN_UNDECLARED_SELECTOR = YES;
				GCC_WARN_UNINITIALIZED_AUTOS = YES_AGGRESSIVE;
				GCC_WARN_UNUSED_FUNCTION = YES;
				GCC_WARN_UNUSED_VARIABLE = YES;
				MACOSX_DEPLOYMENT_TARGET = 10.10;
				MTL_ENABLE_DEBUG_INFO = YES;
				ONLY_ACTIVE_ARCH = YES;
				SDKROOT = macosx;
			};
			name = Debug;
		};
		430DB6C31A0EFA46005B38AF /* Release */ = {
			isa = XCBuildConfiguration;
			buildSettings = {
				ALWAYS_SEARCH_USER_PATHS = NO;
				CLANG_CXX_LANGUAGE_STANDARD = "gnu++0x";
				CLANG_CXX_LIBRARY = "libc++";
				CLANG_ENABLE_MODULES = YES;
				CLANG_ENABLE_OBJC_ARC = YES;
				CLANG_WARN_BOOL_CONVERSION = YES;
				CLANG_WARN_CONSTANT_CONVERSION = YES;
				CLANG_WARN_DIRECT_OBJC_ISA_USAGE = YES_ERROR;
				CLANG_WARN_EMPTY_BODY = YES;
				CLANG_WARN_ENUM_CONVERSION = YES;
				CLANG_WARN_INT_CONVERSION = YES;
				CLANG_WARN_OBJC_ROOT_CLASS = YES_ERROR;
				CLANG_WARN_UNREACHABLE_CODE = YES;
				CLANG_WARN__DUPLICATE_METHOD_MATCH = YES;
				COPY_PHASE_STRIP = YES;
				DEBUG_INFORMATION_FORMAT = "dwarf-with-dsym";
				ENABLE_NS_ASSERTIONS = NO;
				ENABLE_STRICT_OBJC_MSGSEND = YES;
				GCC_C_LANGUAGE_STANDARD = gnu99;
				GCC_WARN_64_TO_32_BIT_CONVERSION = YES;
				GCC_WARN_ABOUT_RETURN_TYPE = YES_ERROR;
				GCC_WARN_UNDECLARED_SELECTOR = YES;
				GCC_WARN_UNINITIALIZED_AUTOS = YES_AGGRESSIVE;
				GCC_WARN_UNUSED_FUNCTION = YES;
				GCC_WARN_UNUSED_VARIABLE = YES;
				MACOSX_DEPLOYMENT_TARGET = 10.10;
				MTL_ENABLE_DEBUG_INFO = NO;
				SDKROOT = macosx;
			};
			name = Release;
		};
		430DB6C51A0EFA46005B38AF /* Debug */ = {
			isa = XCBuildConfiguration;
			buildSettings = {
				PRODUCT_NAME = "$(TARGET_NAME)";
			};
			name = Debug;
		};
		430DB6C61A0EFA46005B38AF /* Release */ = {
			isa = XCBuildConfiguration;
			buildSettings = {
				PRODUCT_NAME = "$(TARGET_NAME)";
			};
			name = Release;
		};
/* End XCBuildConfiguration section */

/* Begin XCConfigurationList section */
		430DB6B81A0EFA46005B38AF /* Build configuration list for PBXProject "yocli" */ = {
			isa = XCConfigurationList;
			buildConfigurations = (
				430DB6C21A0EFA46005B38AF /* Debug */,
				430DB6C31A0EFA46005B38AF /* Release */,
			);
			defaultConfigurationIsVisible = 0;
			defaultConfigurationName = Release;
		};
		430DB6C41A0EFA46005B38AF /* Build configuration list for PBXNativeTarget "yocli" */ = {
			isa = XCConfigurationList;
			buildConfigurations = (
				430DB6C51A0EFA46005B38AF /* Debug */,
				430DB6C61A0EFA46005B38AF /* Release */,
			);
			defaultConfigurationIsVisible = 0;
		};
/* End XCConfigurationList section */
	};
	rootObject = 430DB6B51A0EFA46005B38AF /* Project object */;
}
